
Microsoft Visual Studio Solution File, Format Version 12.00
# Visual Studio 15
VisualStudioVersion = 15.0.28307.705
MinimumVisualStudioVersion = 10.0.40219.1
Project("{FAE04EC0-301F-11D3-BF4B-00C04F79EFBC}") = "BloodDonationCamp", "BloodDonationCamp\BloodDonationCamp.csproj", "{C5BC41F6-7BD0-4728-8A2C-DE55E2F993CC}"
EndProject
Project("{2150E333-8FDC-42A3-9474-1A3956D46DE8}") = "Entitites", "Entitites", "{961ACFEB-341E-463A-9AF6-B52F20E07A47}"
EndProject
Project("{2150E333-8FDC-42A3-9474-1A3956D46DE8}") = "Data Access", "Data Access", "{86950F0D-187B-4BAD-8875-3709EAF8E6FE}"
EndProject
Project("{FAE04EC0-301F-11D3-BF4B-00C04F79EFBC}") = "BloodDonation.Entities", "BloodDonation.Entities\BloodDonation.Entities.csproj", "{983F1F87-70E8-49DC-B5B0-31B19D2E1344}"
EndProject
Project("{FAE04EC0-301F-11D3-BF4B-00C04F79EFBC}") = "BloodDonation.DataAccess", "BloodDonation.DataAccess\BloodDonation.DataAccess.csproj", "{1B1C862A-7123-4350-A179-B537C65A141F}"
EndProject
Global
	GlobalSection(SolutionConfigurationPlatforms) = preSolution
		Debug|Any CPU = Debug|Any CPU
		Release|Any CPU = Release|Any CPU
	EndGlobalSection
	GlobalSection(ProjectConfigurationPlatforms) = postSolution
		{C5BC41F6-7BD0-4728-8A2C-DE55E2F993CC}.Debug|Any CPU.ActiveCfg = Debug|Any CPU
		{C5BC41F6-7BD0-4728-8A2C-DE55E2F993CC}.Debug|Any CPU.Build.0 = Debug|Any CPU
		{C5BC41F6-7BD0-4728-8A2C-DE55E2F993CC}.Release|Any CPU.ActiveCfg = Release|Any CPU
		{C5BC41F6-7BD0-4728-8A2C-DE55E2F993CC}.Release|Any CPU.Build.0 = Release|Any CPU
		{983F1F87-70E8-49DC-B5B0-31B19D2E1344}.Debug|Any CPU.ActiveCfg = Debug|Any CPU
		{983F1F87-70E8-49DC-B5B0-31B19D2E1344}.Debug|Any CPU.Build.0 = Debug|Any CPU
		{983F1F87-70E8-49DC-B5B0-31B19D2E1344}.Release|Any CPU.ActiveCfg = Release|Any CPU
		{983F1F87-70E8-49DC-B5B0-31B19D2E1344}.Release|Any CPU.Build.0 = Release|Any CPU
		{1B1C862A-7123-4350-A179-B537C65A141F}.Debug|Any CPU.ActiveCfg = Debug|Any CPU
		{1B1C862A-7123-4350-A179-B537C65A141F}.Debug|Any CPU.Build.0 = Debug|Any CPU
		{1B1C862A-7123-4350-A179-B537C65A141F}.Release|Any CPU.ActiveCfg = Release|Any CPU
		{1B1C862A-7123-4350-A179-B537C65A141F}.Release|Any CPU.Build.0 = Release|Any CPU
	EndGlobalSection
	GlobalSection(SolutionProperties) = preSolution
		HideSolutionNode = FALSE
	EndGlobalSection
	GlobalSection(NestedProjects) = preSolution
		{983F1F87-70E8-49DC-B5B0-31B19D2E1344} = {961ACFEB-341E-463A-9AF6-B52F20E07A47}
		{1B1C862A-7123-4350-A179-B537C65A141F} = {86950F0D-187B-4BAD-8875-3709EAF8E6FE}
	EndGlobalSection
	GlobalSection(ExtensibilityGlobals) = postSolution
		SolutionGuid = {B1D907C5-1ED5-493C-8B16-65ADF999BE0C}
	EndGlobalSection
EndGlobal
